// !$*UTF8*$!
{
	archiveVersion = 1;
	classes = {
	};
	objectVersion = 46;
	objects = {

/* Begin PBXBuildFile section */
		120957341D6BDD8600BC67A3 /* AmazingSketchExtensions.swift in Sources */ = {isa = PBXBuildFile; fileRef = 120957331D6BDD8600BC67A3 /* AmazingSketchExtensions.swift */; };
		121FDE101D6AE43700694064 /* AmazingSketchDrawingView.swift in Sources */ = {isa = PBXBuildFile; fileRef = 121FDE0B1D6AE43700694064 /* AmazingSketchDrawingView.swift */; };
		121FDE111D6AE43700694064 /* AmazingSketchDrawingController.swift in Sources */ = {isa = PBXBuildFile; fileRef = 121FDE0C1D6AE43700694064 /* AmazingSketchDrawingController.swift */; };
		121FDE121D6AE43700694064 /* AmazingSketchStickerController.swift in Sources */ = {isa = PBXBuildFile; fileRef = 121FDE0E1D6AE43700694064 /* AmazingSketchStickerController.swift */; };
		121FDE131D6AE43700694064 /* AmazingSketchStickerView.swift in Sources */ = {isa = PBXBuildFile; fileRef = 121FDE0F1D6AE43700694064 /* AmazingSketchStickerView.swift */; };
		1226267E1DADD2B600FCFFEF /* AmazingSketchMapViewController.swift in Sources */ = {isa = PBXBuildFile; fileRef = 1226267C1DADD2B600FCFFEF /* AmazingSketchMapViewController.swift */; };
		1226267F1DADD2B600FCFFEF /* AmazingSketchMapViewController.xib in Resources */ = {isa = PBXBuildFile; fileRef = 1226267D1DADD2B600FCFFEF /* AmazingSketchMapViewController.xib */; };
		122626821DAEF9E500FCFFEF /* AmazingSketchJigsawViewController.swift in Sources */ = {isa = PBXBuildFile; fileRef = 122626801DAEF9E500FCFFEF /* AmazingSketchJigsawViewController.swift */; };
		122626861DAEFA2800FCFFEF /* RoadPiece.swift in Sources */ = {isa = PBXBuildFile; fileRef = 122626851DAEFA2800FCFFEF /* RoadPiece.swift */; };
		122626881DAEFAD500FCFFEF /* Jigsaw.swift in Sources */ = {isa = PBXBuildFile; fileRef = 122626871DAEFAD500FCFFEF /* Jigsaw.swift */; };
		1226268C1DAEFC0F00FCFFEF /* JigsawPiecesViewController.swift in Sources */ = {isa = PBXBuildFile; fileRef = 1226268A1DAEFC0F00FCFFEF /* JigsawPiecesViewController.swift */; };
		122626901DAEFCF000FCFFEF /* JigsawPieceCollectionViewCell.swift in Sources */ = {isa = PBXBuildFile; fileRef = 1226268E1DAEFCF000FCFFEF /* JigsawPieceCollectionViewCell.swift */; };
		122626911DAEFCF000FCFFEF /* JigsawPieceCollectionViewCell.xib in Resources */ = {isa = PBXBuildFile; fileRef = 1226268F1DAEFCF000FCFFEF /* JigsawPieceCollectionViewCell.xib */; };
		122795A51D6299940020C828 /* AmazingSketchView.swift in Sources */ = {isa = PBXBuildFile; fileRef = 122795A41D6299940020C828 /* AmazingSketchView.swift */; };
		1274ECDD1D5AF4AD0078B5EF /* AppDelegate.swift in Sources */ = {isa = PBXBuildFile; fileRef = 1274ECDC1D5AF4AD0078B5EF /* AppDelegate.swift */; };
		1274ECDF1D5AF4AD0078B5EF /* ViewController.swift in Sources */ = {isa = PBXBuildFile; fileRef = 1274ECDE1D5AF4AD0078B5EF /* ViewController.swift */; };
		1274ECE21D5AF4AD0078B5EF /* Main.storyboard in Resources */ = {isa = PBXBuildFile; fileRef = 1274ECE01D5AF4AD0078B5EF /* Main.storyboard */; };
		1274ECE41D5AF4AD0078B5EF /* Assets.xcassets in Resources */ = {isa = PBXBuildFile; fileRef = 1274ECE31D5AF4AD0078B5EF /* Assets.xcassets */; };
		1274ECE71D5AF4AD0078B5EF /* LaunchScreen.storyboard in Resources */ = {isa = PBXBuildFile; fileRef = 1274ECE51D5AF4AD0078B5EF /* LaunchScreen.storyboard */; };
		12A9F09C1D669519001E084D /* AmazingSketchScrollView.swift in Sources */ = {isa = PBXBuildFile; fileRef = 12A9F09B1D669519001E084D /* AmazingSketchScrollView.swift */; };
/* End PBXBuildFile section */

/* Begin PBXFileReference section */
		120957331D6BDD8600BC67A3 /* AmazingSketchExtensions.swift */ = {isa = PBXFileReference; fileEncoding = 4; lastKnownFileType = sourcecode.swift; path = AmazingSketchExtensions.swift; sourceTree = "<group>"; };
		121FDE0B1D6AE43700694064 /* AmazingSketchDrawingView.swift */ = {isa = PBXFileReference; fileEncoding = 4; lastKnownFileType = sourcecode.swift; path = AmazingSketchDrawingView.swift; sourceTree = "<group>"; };
		121FDE0C1D6AE43700694064 /* AmazingSketchDrawingController.swift */ = {isa = PBXFileReference; fileEncoding = 4; lastKnownFileType = sourcecode.swift; path = AmazingSketchDrawingController.swift; sourceTree = "<group>"; };
		121FDE0E1D6AE43700694064 /* AmazingSketchStickerController.swift */ = {isa = PBXFileReference; fileEncoding = 4; lastKnownFileType = sourcecode.swift; path = AmazingSketchStickerController.swift; sourceTree = "<group>"; };
		121FDE0F1D6AE43700694064 /* AmazingSketchStickerView.swift */ = {isa = PBXFileReference; fileEncoding = 4; lastKnownFileType = sourcecode.swift; path = AmazingSketchStickerView.swift; sourceTree = "<group>"; };
		1226267C1DADD2B600FCFFEF /* AmazingSketchMapViewController.swift */ = {isa = PBXFileReference; fileEncoding = 4; lastKnownFileType = sourcecode.swift; name = AmazingSketchMapViewController.swift; path = ../AmazingSketchMapViewController.swift; sourceTree = "<group>"; };
		1226267D1DADD2B600FCFFEF /* AmazingSketchMapViewController.xib */ = {isa = PBXFileReference; fileEncoding = 4; lastKnownFileType = file.xib; name = AmazingSketchMapViewController.xib; path = ../AmazingSketchMapViewController.xib; sourceTree = "<group>"; };
		122626801DAEF9E500FCFFEF /* AmazingSketchJigsawViewController.swift */ = {isa = PBXFileReference; fileEncoding = 4; lastKnownFileType = sourcecode.swift; name = AmazingSketchJigsawViewController.swift; path = ../AmazingSketchJigsawViewController.swift; sourceTree = "<group>"; };
		122626851DAEFA2800FCFFEF /* RoadPiece.swift */ = {isa = PBXFileReference; fileEncoding = 4; lastKnownFileType = sourcecode.swift; path = RoadPiece.swift; sourceTree = "<group>"; };
		122626871DAEFAD500FCFFEF /* Jigsaw.swift */ = {isa = PBXFileReference; fileEncoding = 4; lastKnownFileType = sourcecode.swift; path = Jigsaw.swift; sourceTree = "<group>"; };
		1226268A1DAEFC0F00FCFFEF /* JigsawPiecesViewController.swift */ = {isa = PBXFileReference; fileEncoding = 4; lastKnownFileType = sourcecode.swift; path = JigsawPiecesViewController.swift; sourceTree = "<group>"; };
		1226268E1DAEFCF000FCFFEF /* JigsawPieceCollectionViewCell.swift */ = {isa = PBXFileReference; fileEncoding = 4; lastKnownFileType = sourcecode.swift; path = JigsawPieceCollectionViewCell.swift; sourceTree = "<group>"; };
		1226268F1DAEFCF000FCFFEF /* JigsawPieceCollectionViewCell.xib */ = {isa = PBXFileReference; fileEncoding = 4; lastKnownFileType = file.xib; path = JigsawPieceCollectionViewCell.xib; sourceTree = "<group>"; };
		122795A41D6299940020C828 /* AmazingSketchView.swift */ = {isa = PBXFileReference; fileEncoding = 4; lastKnownFileType = sourcecode.swift; path = AmazingSketchView.swift; sourceTree = "<group>"; };
		1274ECD91D5AF4AD0078B5EF /* AmazingSketch.app */ = {isa = PBXFileReference; explicitFileType = wrapper.application; includeInIndex = 0; path = AmazingSketch.app; sourceTree = BUILT_PRODUCTS_DIR; };
		1274ECDC1D5AF4AD0078B5EF /* AppDelegate.swift */ = {isa = PBXFileReference; lastKnownFileType = sourcecode.swift; path = AppDelegate.swift; sourceTree = "<group>"; };
		1274ECDE1D5AF4AD0078B5EF /* ViewController.swift */ = {isa = PBXFileReference; lastKnownFileType = sourcecode.swift; path = ViewController.swift; sourceTree = "<group>"; };
		1274ECE11D5AF4AD0078B5EF /* Base */ = {isa = PBXFileReference; lastKnownFileType = file.storyboard; name = Base; path = Base.lproj/Main.storyboard; sourceTree = "<group>"; };
		1274ECE31D5AF4AD0078B5EF /* Assets.xcassets */ = {isa = PBXFileReference; lastKnownFileType = folder.assetcatalog; path = Assets.xcassets; sourceTree = "<group>"; };
		1274ECE61D5AF4AD0078B5EF /* Base */ = {isa = PBXFileReference; lastKnownFileType = file.storyboard; name = Base; path = Base.lproj/LaunchScreen.storyboard; sourceTree = "<group>"; };
		1274ECE81D5AF4AD0078B5EF /* Info.plist */ = {isa = PBXFileReference; lastKnownFileType = text.plist.xml; path = Info.plist; sourceTree = "<group>"; };
		12A9F09B1D669519001E084D /* AmazingSketchScrollView.swift */ = {isa = PBXFileReference; fileEncoding = 4; lastKnownFileType = sourcecode.swift; path = AmazingSketchScrollView.swift; sourceTree = "<group>"; };
/* End PBXFileReference section */

/* Begin PBXFrameworksBuildPhase section */
		1274ECD61D5AF4AD0078B5EF /* Frameworks */ = {
			isa = PBXFrameworksBuildPhase;
			buildActionMask = 2147483647;
			files = (
			);
			runOnlyForDeploymentPostprocessing = 0;
		};
/* End PBXFrameworksBuildPhase section */

/* Begin PBXGroup section */
		121FDE0A1D6AE43700694064 /* Drawing */ = {
			isa = PBXGroup;
			children = (
				121FDE0B1D6AE43700694064 /* AmazingSketchDrawingView.swift */,
				121FDE0C1D6AE43700694064 /* AmazingSketchDrawingController.swift */,
			);
			path = Drawing;
			sourceTree = "<group>";
		};
		121FDE0D1D6AE43700694064 /* Sticker */ = {
			isa = PBXGroup;
			children = (
				121FDE0E1D6AE43700694064 /* AmazingSketchStickerController.swift */,
				121FDE0F1D6AE43700694064 /* AmazingSketchStickerView.swift */,
			);
			path = Sticker;
			sourceTree = "<group>";
		};
		122626841DAEF9F700FCFFEF /* Jigsaw */ = {
			isa = PBXGroup;
			children = (
				122626801DAEF9E500FCFFEF /* AmazingSketchJigsawViewController.swift */,
				1226268A1DAEFC0F00FCFFEF /* JigsawPiecesViewController.swift */,
				122626851DAEFA2800FCFFEF /* RoadPiece.swift */,
				122626871DAEFAD500FCFFEF /* Jigsaw.swift */,
				1226268E1DAEFCF000FCFFEF /* JigsawPieceCollectionViewCell.swift */,
				1226268F1DAEFCF000FCFFEF /* JigsawPieceCollectionViewCell.xib */,
			);
			path = Jigsaw;
			sourceTree = "<group>";
		};
		122626891DAEFB4C00FCFFEF /* Map */ = {
			isa = PBXGroup;
			children = (
				1226267C1DADD2B600FCFFEF /* AmazingSketchMapViewController.swift */,
				1226267D1DADD2B600FCFFEF /* AmazingSketchMapViewController.xib */,
			);
			path = Map;
			sourceTree = "<group>";
		};
		1274ECD01D5AF4AD0078B5EF = {
			isa = PBXGroup;
			children = (
				1274ECDB1D5AF4AD0078B5EF /* AmazingSketch */,
				1274ECDA1D5AF4AD0078B5EF /* Products */,
			);
			sourceTree = "<group>";
		};
		1274ECDA1D5AF4AD0078B5EF /* Products */ = {
			isa = PBXGroup;
			children = (
				1274ECD91D5AF4AD0078B5EF /* AmazingSketch.app */,
			);
			name = Products;
			sourceTree = "<group>";
		};
		1274ECDB1D5AF4AD0078B5EF /* AmazingSketch */ = {
			isa = PBXGroup;
			children = (
				122795A41D6299940020C828 /* AmazingSketchView.swift */,
				12A9F09B1D669519001E084D /* AmazingSketchScrollView.swift */,
				120957331D6BDD8600BC67A3 /* AmazingSketchExtensions.swift */,
				121FDE0A1D6AE43700694064 /* Drawing */,
				121FDE0D1D6AE43700694064 /* Sticker */,
				122626891DAEFB4C00FCFFEF /* Map */,
				122626841DAEF9F700FCFFEF /* Jigsaw */,
				1274ECDC1D5AF4AD0078B5EF /* AppDelegate.swift */,
				1274ECDE1D5AF4AD0078B5EF /* ViewController.swift */,
				1274ECE31D5AF4AD0078B5EF /* Assets.xcassets */,
				1274ECE51D5AF4AD0078B5EF /* LaunchScreen.storyboard */,
				1274ECE01D5AF4AD0078B5EF /* Main.storyboard */,
				1274ECE81D5AF4AD0078B5EF /* Info.plist */,
			);
			path = AmazingSketch;
			sourceTree = "<group>";
		};
/* End PBXGroup section */

/* Begin PBXNativeTarget section */
		1274ECD81D5AF4AD0078B5EF /* AmazingSketch */ = {
			isa = PBXNativeTarget;
			buildConfigurationList = 1274ECEB1D5AF4AD0078B5EF /* Build configuration list for PBXNativeTarget "AmazingSketch" */;
			buildPhases = (
				1274ECD51D5AF4AD0078B5EF /* Sources */,
				1274ECD61D5AF4AD0078B5EF /* Frameworks */,
				1274ECD71D5AF4AD0078B5EF /* Resources */,
			);
			buildRules = (
			);
			dependencies = (
			);
			name = AmazingSketch;
			productName = AmazingSketch;
			productReference = 1274ECD91D5AF4AD0078B5EF /* AmazingSketch.app */;
			productType = "com.apple.product-type.application";
		};
/* End PBXNativeTarget section */

/* Begin PBXProject section */
		1274ECD11D5AF4AD0078B5EF /* Project object */ = {
			isa = PBXProject;
			attributes = {
				LastSwiftUpdateCheck = 0730;
				LastUpgradeCheck = 0730;
				ORGANIZATIONNAME = "Pavel Boryseiko";
				TargetAttributes = {
					1274ECD81D5AF4AD0078B5EF = {
						CreatedOnToolsVersion = 7.3.1;
						DevelopmentTeam = FNW7L4X44S;
					};
				};
			};
			buildConfigurationList = 1274ECD41D5AF4AD0078B5EF /* Build configuration list for PBXProject "AmazingSketch" */;
			compatibilityVersion = "Xcode 3.2";
			developmentRegion = English;
			hasScannedForEncodings = 0;
			knownRegions = (
				en,
				Base,
			);
			mainGroup = 1274ECD01D5AF4AD0078B5EF;
			productRefGroup = 1274ECDA1D5AF4AD0078B5EF /* Products */;
			projectDirPath = "";
			projectRoot = "";
			targets = (
				1274ECD81D5AF4AD0078B5EF /* AmazingSketch */,
			);
		};
/* End PBXProject section */

/* Begin PBXResourcesBuildPhase section */
		1274ECD71D5AF4AD0078B5EF /* Resources */ = {
			isa = PBXResourcesBuildPhase;
			buildActionMask = 2147483647;
			files = (
				1274ECE71D5AF4AD0078B5EF /* LaunchScreen.storyboard in Resources */,
				1226267F1DADD2B600FCFFEF /* AmazingSketchMapViewController.xib in Resources */,
				1274ECE41D5AF4AD0078B5EF /* Assets.xcassets in Resources */,
				1274ECE21D5AF4AD0078B5EF /* Main.storyboard in Resources */,
				122626911DAEFCF000FCFFEF /* JigsawPieceCollectionViewCell.xib in Resources */,
			);
			runOnlyForDeploymentPostprocessing = 0;
		};
/* End PBXResourcesBuildPhase section */

/* Begin PBXSourcesBuildPhase section */
		1274ECD51D5AF4AD0078B5EF /* Sources */ = {
			isa = PBXSourcesBuildPhase;
			buildActionMask = 2147483647;
			files = (
				121FDE111D6AE43700694064 /* AmazingSketchDrawingController.swift in Sources */,
				1226267E1DADD2B600FCFFEF /* AmazingSketchMapViewController.swift in Sources */,
				122626881DAEFAD500FCFFEF /* Jigsaw.swift in Sources */,
				122626821DAEF9E500FCFFEF /* AmazingSketchJigsawViewController.swift in Sources */,
				1274ECDF1D5AF4AD0078B5EF /* ViewController.swift in Sources */,
				120957341D6BDD8600BC67A3 /* AmazingSketchExtensions.swift in Sources */,
				121FDE131D6AE43700694064 /* AmazingSketchStickerView.swift in Sources */,
				12A9F09C1D669519001E084D /* AmazingSketchScrollView.swift in Sources */,
				121FDE121D6AE43700694064 /* AmazingSketchStickerController.swift in Sources */,
				122795A51D6299940020C828 /* AmazingSketchView.swift in Sources */,
				1226268C1DAEFC0F00FCFFEF /* JigsawPiecesViewController.swift in Sources */,
				122626901DAEFCF000FCFFEF /* JigsawPieceCollectionViewCell.swift in Sources */,
				121FDE101D6AE43700694064 /* AmazingSketchDrawingView.swift in Sources */,
				122626861DAEFA2800FCFFEF /* RoadPiece.swift in Sources */,
				1274ECDD1D5AF4AD0078B5EF /* AppDelegate.swift in Sources */,
			);
			runOnlyForDeploymentPostprocessing = 0;
		};
/* End PBXSourcesBuildPhase section */

/* Begin PBXVariantGroup section */
		1274ECE01D5AF4AD0078B5EF /* Main.storyboard */ = {
			isa = PBXVariantGroup;
			children = (
				1274ECE11D5AF4AD0078B5EF /* Base */,
			);
			name = Main.storyboard;
			sourceTree = "<group>";
		};
		1274ECE51D5AF4AD0078B5EF /* LaunchScreen.storyboard */ = {
			isa = PBXVariantGroup;
			children = (
				1274ECE61D5AF4AD0078B5EF /* Base */,
			);
			name = LaunchScreen.storyboard;
			sourceTree = "<group>";
		};
/* End PBXVariantGroup section */

/* Begin XCBuildConfiguration section */
		1274ECE91D5AF4AD0078B5EF /* Debug */ = {
			isa = XCBuildConfiguration;
			buildSettings = {
				ALWAYS_SEARCH_USER_PATHS = NO;
				CLANG_ANALYZER_NONNULL = YES;
				CLANG_CXX_LANGUAGE_STANDARD = "gnu++0x";
				CLANG_CXX_LIBRARY = "libc++";
				CLANG_ENABLE_MODULES = YES;
				CLANG_ENABLE_OBJC_ARC = YES;
				CLANG_WARN_BOOL_CONVERSION = YES;
				CLANG_WARN_CONSTANT_CONVERSION = YES;
				CLANG_WARN_DIRECT_OBJC_ISA_USAGE = YES_ERROR;
				CLANG_WARN_EMPTY_BODY = YES;
				CLANG_WARN_ENUM_CONVERSION = YES;
				CLANG_WARN_INT_CONVERSION = YES;
				CLANG_WARN_OBJC_ROOT_CLASS = YES_ERROR;
				CLANG_WARN_UNREACHABLE_CODE = YES;
				CLANG_WARN__DUPLICATE_METHOD_MATCH = YES;
				"CODE_SIGN_IDENTITY[sdk=iphoneos*]" = "iPhone Developer";
				COPY_PHASE_STRIP = NO;
				DEBUG_INFORMATION_FORMAT = dwarf;
				ENABLE_STRICT_OBJC_MSGSEND = YES;
				ENABLE_TESTABILITY = YES;
				GCC_C_LANGUAGE_STANDARD = gnu99;
				GCC_DYNAMIC_NO_PIC = NO;
				GCC_NO_COMMON_BLOCKS = YES;
				GCC_OPTIMIZATION_LEVEL = 0;
				GCC_PREPROCESSOR_DEFINITIONS = (
					"DEBUG=1",
					"$(inherited)",
				);
				GCC_WARN_64_TO_32_BIT_CONVERSION = YES;
				GCC_WARN_ABOUT_RETURN_TYPE = YES_ERROR;
				GCC_WARN_UNDECLARED_SELECTOR = YES;
				GCC_WARN_UNINITIALIZED_AUTOS = YES_AGGRESSIVE;
				GCC_WARN_UNUSED_FUNCTION = YES;
				GCC_WARN_UNUSED_VARIABLE = YES;
				IPHONEOS_DEPLOYMENT_TARGET = 9.3;
				MTL_ENABLE_DEBUG_INFO = YES;
				ONLY_ACTIVE_ARCH = YES;
				SDKROOT = iphoneos;
				SWIFT_OPTIMIZATION_LEVEL = "-Onone";
				TARGETED_DEVICE_FAMILY = "1,2";
			};
			name = Debug;
		};
		1274ECEA1D5AF4AD0078B5EF /* Release */ = {
			isa = XCBuildConfiguration;
			buildSettings = {
				ALWAYS_SEARCH_USER_PATHS = NO;
				CLANG_ANALYZER_NONNULL = YES;
				CLANG_CXX_LANGUAGE_STANDARD = "gnu++0x";
				CLANG_CXX_LIBRARY = "libc++";
				CLANG_ENABLE_MODULES = YES;
				CLANG_ENABLE_OBJC_ARC = YES;
				CLANG_WARN_BOOL_CONVERSION = YES;
				CLANG_WARN_CONSTANT_CONVERSION = YES;
				CLANG_WARN_DIRECT_OBJC_ISA_USAGE = YES_ERROR;
				CLANG_WARN_EMPTY_BODY = YES;
				CLANG_WARN_ENUM_CONVERSION = YES;
				CLANG_WARN_INT_CONVERSION = YES;
				CLANG_WARN_OBJC_ROOT_CLASS = YES_ERROR;
				CLANG_WARN_UNREACHABLE_CODE = YES;
				CLANG_WARN__DUPLICATE_METHOD_MATCH = YES;
				"CODE_SIGN_IDENTITY[sdk=iphoneos*]" = "iPhone Developer";
				COPY_PHASE_STRIP = NO;
				DEBUG_INFORMATION_FORMAT = "dwarf-with-dsym";
				ENABLE_NS_ASSERTIONS = NO;
				ENABLE_STRICT_OBJC_MSGSEND = YES;
				GCC_C_LANGUAGE_STANDARD = gnu99;
				GCC_NO_COMMON_BLOCKS = YES;
				GCC_WARN_64_TO_32_BIT_CONVERSION = YES;
				GCC_WARN_ABOUT_RETURN_TYPE = YES_ERROR;
				GCC_WARN_UNDECLARED_SELECTOR = YES;
				GCC_WARN_UNINITIALIZED_AUTOS = YES_AGGRESSIVE;
				GCC_WARN_UNUSED_FUNCTION = YES;
				GCC_WARN_UNUSED_VARIABLE = YES;
				IPHONEOS_DEPLOYMENT_TARGET = 9.3;
				MTL_ENABLE_DEBUG_INFO = NO;
				SDKROOT = iphoneos;
				TARGETED_DEVICE_FAMILY = "1,2";
				VALIDATE_PRODUCT = YES;
			};
			name = Release;
		};
		1274ECEC1D5AF4AD0078B5EF /* Debug */ = {
			isa = XCBuildConfiguration;
			buildSettings = {
				ASSETCATALOG_COMPILER_APPICON_NAME = AppIcon;
				CODE_SIGN_IDENTITY = "iPhone Developer";
				"CODE_SIGN_IDENTITY[sdk=iphoneos*]" = "iPhone Developer";
				INFOPLIST_FILE = AmazingSketch/Info.plist;
				IPHONEOS_DEPLOYMENT_TARGET = 9.0;
				LD_RUNPATH_SEARCH_PATHS = "$(inherited) @executable_path/Frameworks";
				PRODUCT_BUNDLE_IDENTIFIER = au.com.gridstone.AmazingSketch;
				PRODUCT_NAME = "$(TARGET_NAME)";
				PROVISIONING_PROFILE = "";
				TARGETED_DEVICE_FAMILY = 2;
			};
			name = Debug;
		};
		1274ECED1D5AF4AD0078B5EF /* Release */ = {
			isa = XCBuildConfiguration;
			buildSettings = {
				ASSETCATALOG_COMPILER_APPICON_NAME = AppIcon;
				CODE_SIGN_IDENTITY = "iPhone Developer";
				"CODE_SIGN_IDENTITY[sdk=iphoneos*]" = "iPhone Developer";
				INFOPLIST_FILE = AmazingSketch/Info.plist;
				IPHONEOS_DEPLOYMENT_TARGET = 9.0;
				LD_RUNPATH_SEARCH_PATHS = "$(inherited) @executable_path/Frameworks";
				PRODUCT_BUNDLE_IDENTIFIER = au.com.gridstone.AmazingSketch;
				PRODUCT_NAME = "$(TARGET_NAME)";
				PROVISIONING_PROFILE = "";
				TARGETED_DEVICE_FAMILY = 2;
			};
			name = Release;
		};
/* End XCBuildConfiguration section */

/* Begin XCConfigurationList section */
		1274ECD41D5AF4AD0078B5EF /* Build configuration list for PBXProject "AmazingSketch" */ = {
			isa = XCConfigurationList;
			buildConfigurations = (
				1274ECE91D5AF4AD0078B5EF /* Debug */,
				1274ECEA1D5AF4AD0078B5EF /* Release */,
			);
			defaultConfigurationIsVisible = 0;
			defaultConfigurationName = Release;
		};
		1274ECEB1D5AF4AD0078B5EF /* Build configuration list for PBXNativeTarget "AmazingSketch" */ = {
			isa = XCConfigurationList;
			buildConfigurations = (
				1274ECEC1D5AF4AD0078B5EF /* Debug */,
				1274ECED1D5AF4AD0078B5EF /* Release */,
			);
			defaultConfigurationIsVisible = 0;
			defaultConfigurationName = Release;
		};
/* End XCConfigurationList section */
	};
	rootObject = 1274ECD11D5AF4AD0078B5EF /* Project object */;
}
